
Microsoft Visual Studio Solution File, Format Version 12.00
# Visual Studio Version 17
VisualStudioVersion = 17.4.33110.190
MinimumVisualStudioVersion = 10.0.40219.1
Project("{FAE04EC0-301F-11D3-BF4B-00C04F79EFBC}") = "TuristikFirma", "TuristikFirma\TuristikFirma.csproj", "{FE018497-7850-49C0-B29F-CE34C8712170}"
EndProject
Global
	GlobalSection(SolutionConfigurationPlatforms) = preSolution
		Debug|Any CPU = Debug|Any CPU
		Release|Any CPU = Release|Any CPU
	EndGlobalSection
	GlobalSection(ProjectConfigurationPlatforms) = postSolution
		{FE018497-7850-49C0-B29F-CE34C8712170}.Debug|Any CPU.ActiveCfg = Debug|Any CPU
		{FE018497-7850-49C0-B29F-CE34C8712170}.Debug|Any CPU.Build.0 = Debug|Any CPU
		{FE018497-7850-49C0-B29F-CE34C8712170}.Release|Any CPU.ActiveCfg = Release|Any CPU
		{FE018497-7850-49C0-B29F-CE34C8712170}.Release|Any CPU.Build.0 = Release|Any CPU
	EndGlobalSection
	GlobalSection(SolutionProperties) = preSolution
		HideSolutionNode = FALSE
	EndGlobalSection
	GlobalSection(ExtensibilityGlobals) = postSolution
		SolutionGuid = {73C1B61D-D27D-42F6-B7BE-21F3AA546E6F}
	EndGlobalSection
EndGlobal
